
Microsoft Visual Studio Solution File, Format Version 12.00
# Visual Studio 15
VisualStudioVersion = 15.0.27130.2010
MinimumVisualStudioVersion = 10.0.40219.1
Project("{FAE04EC0-301F-11D3-BF4B-00C04F79EFBC}") = "S1A4DaianaArantes", "S1A4DaianaArantes\S1A4DaianaArantes.csproj", "{F9D50664-D34F-4436-8921-2D3BDD0AFAF6}"
EndProject
Global
	GlobalSection(SolutionConfigurationPlatforms) = preSolution
		Debug|Any CPU = Debug|Any CPU
		Release|Any CPU = Release|Any CPU
	EndGlobalSection
	GlobalSection(ProjectConfigurationPlatforms) = postSolution
		{F9D50664-D34F-4436-8921-2D3BDD0AFAF6}.Debug|Any CPU.ActiveCfg = Debug|Any CPU
		{F9D50664-D34F-4436-8921-2D3BDD0AFAF6}.Debug|Any CPU.Build.0 = Debug|Any CPU
		{F9D50664-D34F-4436-8921-2D3BDD0AFAF6}.Release|Any CPU.ActiveCfg = Release|Any CPU
		{F9D50664-D34F-4436-8921-2D3BDD0AFAF6}.Release|Any CPU.Build.0 = Release|Any CPU
	EndGlobalSection
	GlobalSection(SolutionProperties) = preSolution
		HideSolutionNode = FALSE
	EndGlobalSection
	GlobalSection(ExtensibilityGlobals) = postSolution
		SolutionGuid = {E0ACF52D-2BB7-4BEA-BD09-EF41DEBB93A7}
	EndGlobalSection
EndGlobal
